
Microsoft Visual Studio Solution File, Format Version 12.00
# Visual Studio Version 17
VisualStudioVersion = 17.0.31903.59
MinimumVisualStudioVersion = 10.0.40219.1
Project("{2150E333-8FDC-42A3-9474-1A3956D46DE8}") = "backend", "backend", "{E63FF473-7C16-45E7-ABDF-790B0ED6718E}"
EndProject
Project("{FAE04EC0-301F-11D3-BF4B-00C04F79EFBC}") = "poorManReddit", "backend\poorManReddit\poorManReddit.csproj", "{69236B52-99EF-4548-AC87-B91FF559E83A}"
EndProject
Global
	GlobalSection(SolutionConfigurationPlatforms) = preSolution
		Debug|Any CPU = Debug|Any CPU
		Release|Any CPU = Release|Any CPU
	EndGlobalSection
	GlobalSection(SolutionProperties) = preSolution
		HideSolutionNode = FALSE
	EndGlobalSection
	GlobalSection(ProjectConfigurationPlatforms) = postSolution
		{69236B52-99EF-4548-AC87-B91FF559E83A}.Debug|Any CPU.ActiveCfg = Debug|Any CPU
		{69236B52-99EF-4548-AC87-B91FF559E83A}.Debug|Any CPU.Build.0 = Debug|Any CPU
		{69236B52-99EF-4548-AC87-B91FF559E83A}.Release|Any CPU.ActiveCfg = Release|Any CPU
		{69236B52-99EF-4548-AC87-B91FF559E83A}.Release|Any CPU.Build.0 = Release|Any CPU
	EndGlobalSection
	GlobalSection(NestedProjects) = preSolution
		{69236B52-99EF-4548-AC87-B91FF559E83A} = {E63FF473-7C16-45E7-ABDF-790B0ED6718E}
	EndGlobalSection
EndGlobal
